# THIS IS AN AUTOGENERATED FILE. DO NOT EDIT THIS FILE DIRECTLY.
# yarn lockfile v1


lodash.isarray@^4.0.0:
  version "4.0.0"
  resolved "https://registry.yarnpkg.com/lodash.isarray/-/lodash.isarray-4.0.0.tgz#2aca496b28c4ca6d726715313590c02e6ea34403"
  integrity sha1-KspJayjEym1yZxUxNZDALm6jRAM=

lodash.isfinite@^3.2.1:
  version "3.3.2"
  resolved "https://registry.yarnpkg.com/lodash.isfinite/-/lodash.isfinite-3.3.2.tgz#fb89b65a9a80281833f0b7478b3a5104f898ebb3"
  integrity sha1-+4m2WpqAKBgz8LdHizpRBPiY67M=

lodash.isnan@^3.0.2:
  version "3.0.2"
  resolved "https://registry.yarnpkg.com/lodash.isnan/-/lodash.isnan-3.0.2.tgz#82ed04a5f9ea8bd6226d0c26af0cac32f4507745"
  integrity sha1-gu0Epfnqi9YibQwmrwysMvRQd0U=

lodash.isstring@^4.0.1:
  version "4.0.1"
  resolved "https://registry.yarnpkg.com/lodash.isstring/-/lodash.isstring-4.0.1.tgz#d527dfb5456eca7cc9bb95d5daeaf88ba54a5451"
  integrity sha1-1SfftUVuynzJu5XV2ur4i6VKVFE=

react-rectangle@^1.3.3:
  version "1.3.3"
  resolved "https://registry.yarnpkg.com/react-rectangle/-/react-rectangle-1.3.3.tgz#c44694cdccc4cdbc295b1c69e3b3bcb07537bc6b"
  integrity sha1-xEaUzczEzbwpWxxp47O8sHU3vGs=
  dependencies:
    lodash.isarray "^4.0.0"
    lodash.isfinite "^3.2.1"
    lodash.isnan "^3.0.2"
    lodash.isstring "^4.0.1"
